PODS:
  - Kingfisher (7.2.2)
  - libPhoneNumber-iOS (0.9.15)

DEPENDENCIES:
  - Kingfisher (~> 7.0)
  - libPhoneNumber-iOS (~> 0.8)

SPEC REPOS:
  trunk:
    - Kingfisher
    - libPhoneNumber-iOS

SPEC CHECKSUMS:
  Kingfisher: 184d4d1a8c36666e663caf8e08abe87898595c53
  libPhoneNumber-iOS: 0a32a9525cf8744fe02c5206eb30d571e38f7d75

PODFILE CHECKSUM: 6c0982e69c17778489fd32d769f935288fe85e22

COCOAPODS: 1.11.3
